{
  "name": "monaco-rollup-bundle",
  "version": "1.0.0",
  "lockfileVersion": 3,
  "requires": true,
  "packages": {
    "": {
      "name": "monaco-rollup-bundle",
      "version": "1.0.0",
      "hasInstallScript": true,
      "license": "ISC",
      "dependencies": {
        "@types/vscode": "^1.81.0",
        "monaco-editor": "^0.41.0",
        "monaco-languageclient": "^6.4.5",
        "vscode": "npm:@codingame/monaco-vscode-api@^1.81.5",
        "vscode-jsonrpc": "^8.1.0",
        "vscode-languageclient": "^8.1.0",
        "vscode-ws-jsonrpc": "^3.0.0"
      }
    },
    "node_modules/@types/vscode": {
      "version": "1.81.0",
      "resolved": "https://registry.npmjs.org/@types/vscode/-/vscode-1.81.0.tgz",
      "integrity": "sha512-YIaCwpT+O2E7WOMq0eCgBEABE++SX3Yl/O02GoMIF2DO3qAtvw7m6BXFYsxnc6XyzwZgh6/s/UG78LSSombl2w=="
    },
    "node_modules/@vscode/vscode-languagedetection": {
      "version": "1.0.22",
      "resolved": "https://registry.npmjs.org/@vscode/vscode-languagedetection/-/vscode-languagedetection-1.0.22.tgz",
      "integrity": "sha512-rQ/BgMyLuIXSmbA0MSkIPHtcOw14QkeDbAq19sjvaS9LTRr905yij0S8lsyqN5JgOsbtIx7pAcyOxFMzPmqhZQ==",
      "peer": true,
      "bin": {
        "vscode-languagedetection": "cli/index.js"
      }
    },
    "node_modules/balanced-match": {
      "version": "1.0.2",
      "resolved": "https://registry.npmjs.org/balanced-match/-/balanced-match-1.0.2.tgz",
      "integrity": "sha512-3oSeUO0TMV67hN1AmbXsK4yaqU7tjiHlbxRDZOpH0KW9+CeX4bRAaX0Anxt0tx2MrpRpWwQaPwIlISEJhYU5Pw=="
    },
    "node_modules/brace-expansion": {
      "version": "2.0.1",
      "resolved": "https://registry.npmjs.org/brace-expansion/-/brace-expansion-2.0.1.tgz",
      "integrity": "sha512-XnAIvQ8eM+kC6aULx6wuQiwVsnzsi9d3WxzV3FpWTGA19F621kwdbsAcFKXgKUHZWsy+mY6iL1sHTxWEFCytDA==",
      "dependencies": {
        "balanced-match": "^1.0.0"
      }
    },
    "node_modules/buffer-crc32": {
      "version": "0.2.13",
      "resolved": "https://registry.npmjs.org/buffer-crc32/-/buffer-crc32-0.2.13.tgz",
      "integrity": "sha512-VO9Ht/+p3SN7SKWqcrgEzjGbRSJYTx+Q1pTQC0wrWqHx0vpJraQ6GtHx8tvcg1rlK1byhU5gccxgOgj7B0TDkQ==",
      "peer": true,
      "engines": {
        "node": "*"
      }
    },
    "node_modules/fd-slicer": {
      "version": "1.1.0",
      "resolved": "https://registry.npmjs.org/fd-slicer/-/fd-slicer-1.1.0.tgz",
      "integrity": "sha512-cE1qsB/VwyQozZ+q1dGxR8LBYNZeofhEdUNGSMbQD3Gw2lAzX9Zb3uIU6Ebc/Fmyjo9AWWfnn0AUCHqtevs/8g==",
      "peer": true,
      "dependencies": {
        "pend": "~1.2.0"
      }
    },
    "node_modules/lru-cache": {
      "version": "6.0.0",
      "resolved": "https://registry.npmjs.org/lru-cache/-/lru-cache-6.0.0.tgz",
      "integrity": "sha512-Jo6dJ04CmSjuznwJSS3pUeWmd/H0ffTlkXXgwZi+eq1UCmqQwCh+eLsYOYCwY991i2Fah4h1BEMCx4qThGbsiA==",
      "dependencies": {
        "yallist": "^4.0.0"
      },
      "engines": {
        "node": ">=10"
      }
    },
    "node_modules/minimatch": {
      "version": "5.1.6",
      "resolved": "https://registry.npmjs.org/minimatch/-/minimatch-5.1.6.tgz",
      "integrity": "sha512-lKwV/1brpG6mBUFHtb7NUmtABCb2WZZmm2wNiOA5hAb8VdCS4B3dtMWyvcoViccwAW/COERjXLt0zP1zXUN26g==",
      "dependencies": {
        "brace-expansion": "^2.0.1"
      },
      "engines": {
        "node": ">=10"
      }
    },
    "node_modules/monaco-editor": {
      "version": "0.41.0",
      "resolved": "https://registry.npmjs.org/monaco-editor/-/monaco-editor-0.41.0.tgz",
      "integrity": "sha512-1o4olnZJsiLmv5pwLEAmzHTE/5geLKQ07BrGxlF4Ri/AXAc2yyDGZwHjiTqD8D/ROKUZmwMA28A+yEowLNOEcA=="
    },
    "node_modules/monaco-languageclient": {
      "version": "6.4.5",
      "resolved": "https://registry.npmjs.org/monaco-languageclient/-/monaco-languageclient-6.4.5.tgz",
      "integrity": "sha512-JElUMzWxr1xBIzMuETtImxAhKVU3Y1bgGnjjjvcdeKQEEODE8pSQQOpfFxp/3sDnY9unKLJPrC4yDOsAIdbzBg==",
      "hasInstallScript": true,
      "dependencies": {
        "monaco-editor": "~0.41.0",
        "vscode": "npm:@codingame/monaco-vscode-api@1.81.5",
        "vscode-jsonrpc": "~8.1.0",
        "vscode-languageclient": "~8.1.0"
      },
      "engines": {
        "node": ">=16.11.0",
        "npm": ">=9.0.0"
      },
      "peerDependencies": {
        "monaco-editor": "~0.41.0",
        "vscode": "npm:@codingame/monaco-vscode-api@1.81.5"
      },
      "peerDependenciesMeta": {
        "monaco-editor": {
          "optional": false
        },
        "vscode": {
          "optional": false
        }
      }
    },
    "node_modules/pend": {
      "version": "1.2.0",
      "resolved": "https://registry.npmjs.org/pend/-/pend-1.2.0.tgz",
      "integrity": "sha512-F3asv42UuXchdzt+xXqfW1OGlVBe+mxa2mqI0pg5yAHZPvFmY3Y6drSf/GQ1A86WgWEN9Kzh/WrgKa6iGcHXLg==",
      "peer": true
    },
    "node_modules/semver": {
      "version": "7.5.4",
      "resolved": "https://registry.npmjs.org/semver/-/semver-7.5.4.tgz",
      "integrity": "sha512-1bCSESV6Pv+i21Hvpxp3Dx+pSD8lIPt8uVjRrxAUt/nbswYc+tK6Y2btiULjd4+fnq15PX+nqQDC7Oft7WkwcA==",
      "dependencies": {
        "lru-cache": "^6.0.0"
      },
      "bin": {
        "semver": "bin/semver.js"
      },
      "engines": {
        "node": ">=10"
      }
    },
    "node_modules/vscode": {
      "name": "@codingame/monaco-vscode-api",
      "version": "1.81.5",
      "resolved": "https://registry.npmjs.org/@codingame/monaco-vscode-api/-/monaco-vscode-api-1.81.5.tgz",
      "integrity": "sha512-JVL82xTOg0IZETqjRG9t0yslxs4qTpQ7op5a0pj4imZSgqp1MgihivctxsOXSFiQxHF1hALKoqWBKaVTkvMr+g==",
      "bin": {
        "monaco-treemending": "monaco-treemending.js"
      },
      "peerDependencies": {
        "@vscode/vscode-languagedetection": "^1.0.22",
        "monaco-editor": "0.41.0",
        "vscode-oniguruma": "^1.7.0",
        "vscode-textmate": "^9.0.0",
        "xterm": "5.2.1",
        "xterm-addon-canvas": "0.4.0",
        "xterm-addon-image": "0.4.1",
        "xterm-addon-search": "0.12.0",
        "xterm-addon-serialize": "0.10.0",
        "xterm-addon-unicode11": "0.5.0",
        "xterm-addon-webgl": "0.15.0",
        "yauzl": "^2.10.0"
      }
    },
    "node_modules/vscode-jsonrpc": {
      "version": "8.1.0",
      "resolved": "https://registry.npmjs.org/vscode-jsonrpc/-/vscode-jsonrpc-8.1.0.tgz",
      "integrity": "sha512-6TDy/abTQk+zDGYazgbIPc+4JoXdwC8NHU9Pbn4UJP1fehUyZmM4RHp5IthX7A6L5KS30PRui+j+tbbMMMafdw==",
      "engines": {
        "node": ">=14.0.0"
      }
    },
    "node_modules/vscode-languageclient": {
      "version": "8.1.0",
      "resolved": "https://registry.npmjs.org/vscode-languageclient/-/vscode-languageclient-8.1.0.tgz",
      "integrity": "sha512-GL4QdbYUF/XxQlAsvYWZRV3V34kOkpRlvV60/72ghHfsYFnS/v2MANZ9P6sHmxFcZKOse8O+L9G7Czg0NUWing==",
      "dependencies": {
        "minimatch": "^5.1.0",
        "semver": "^7.3.7",
        "vscode-languageserver-protocol": "3.17.3"
      },
      "engines": {
        "vscode": "^1.67.0"
      }
    },
    "node_modules/vscode-languageserver-protocol": {
      "version": "3.17.3",
      "resolved": "https://registry.npmjs.org/vscode-languageserver-protocol/-/vscode-languageserver-protocol-3.17.3.tgz",
      "integrity": "sha512-924/h0AqsMtA5yK22GgMtCYiMdCOtWTSGgUOkgEDX+wk2b0x4sAfLiO4NxBxqbiVtz7K7/1/RgVrVI0NClZwqA==",
      "dependencies": {
        "vscode-jsonrpc": "8.1.0",
        "vscode-languageserver-types": "3.17.3"
      }
    },
    "node_modules/vscode-languageserver-types": {
      "version": "3.17.3",
      "resolved": "https://registry.npmjs.org/vscode-languageserver-types/-/vscode-languageserver-types-3.17.3.tgz",
      "integrity": "sha512-SYU4z1dL0PyIMd4Vj8YOqFvHu7Hz/enbWtpfnVbJHU4Nd1YNYx8u0ennumc6h48GQNeOLxmwySmnADouT/AuZA=="
    },
    "node_modules/vscode-oniguruma": {
      "version": "1.7.0",
      "resolved": "https://registry.npmjs.org/vscode-oniguruma/-/vscode-oniguruma-1.7.0.tgz",
      "integrity": "sha512-L9WMGRfrjOhgHSdOYgCt/yRMsXzLDJSL7BPrOZt73gU0iWO4mpqzqQzOz5srxqTvMBaR0XZTSrVWo4j55Rc6cA==",
      "peer": true
    },
    "node_modules/vscode-textmate": {
      "version": "9.0.0",
      "resolved": "https://registry.npmjs.org/vscode-textmate/-/vscode-textmate-9.0.0.tgz",
      "integrity": "sha512-Cl65diFGxz7gpwbav10HqiY/eVYTO1sjQpmRmV991Bj7wAoOAjGQ97PpQcXorDE2Uc4hnGWLY17xme+5t6MlSg==",
      "peer": true
    },
    "node_modules/vscode-ws-jsonrpc": {
      "version": "3.0.0",
      "resolved": "https://registry.npmjs.org/vscode-ws-jsonrpc/-/vscode-ws-jsonrpc-3.0.0.tgz",
      "integrity": "sha512-22IbVb2K691np9pOubyahNBj1BicsbtlbiaHOJu5/rvyWDqmqPMAqpAfojwGjdBztp8EtO8TAO7lmyY6hnmYAA==",
      "dependencies": {
        "vscode-jsonrpc": "~8.1.0"
      },
      "engines": {
        "node": ">=16.11.0",
        "npm": ">=8.0.0"
      }
    },
    "node_modules/xterm": {
      "version": "5.2.1",
      "resolved": "https://registry.npmjs.org/xterm/-/xterm-5.2.1.tgz",
      "integrity": "sha512-cs5Y1fFevgcdoh2hJROMVIWwoBHD80P1fIP79gopLHJIE4kTzzblanoivxTiQ4+92YM9IxS36H1q0MxIJXQBcA==",
      "peer": true
    },
    "node_modules/xterm-addon-canvas": {
      "version": "0.4.0",
      "resolved": "https://registry.npmjs.org/xterm-addon-canvas/-/xterm-addon-canvas-0.4.0.tgz",
      "integrity": "sha512-iTC8CdjX9+hGX7jiEuiDMXzHsY/FKJdVnbjep5xjRXNu7RKOk15xuecIkJ7HZORqMVPpr4DGS3jyd9XUoBuxqw==",
      "peer": true,
      "peerDependencies": {
        "xterm": "^5.0.0"
      }
    },
    "node_modules/xterm-addon-image": {
      "version": "0.4.1",
      "resolved": "https://registry.npmjs.org/xterm-addon-image/-/xterm-addon-image-0.4.1.tgz",
      "integrity": "sha512-iJpYyvtbHg4oXSv+D6J73ZfCjnboZpbZ567MLplXDBlYSUknv3kvPTfVMPJATV7Zsx7+bDgyXboCh9vsDf/m/w==",
      "peer": true,
      "peerDependencies": {
        "xterm": "~5.2.0"
      }
    },
    "node_modules/xterm-addon-search": {
      "version": "0.12.0",
      "resolved": "https://registry.npmjs.org/xterm-addon-search/-/xterm-addon-search-0.12.0.tgz",
      "integrity": "sha512-hXAuO7Ts2+Jf9K8mZrUx8IFd7c/Flgks/jyqA1L4reymyfmXtcsd+WDLel8R9Tgy2CLyKABVBP09/Ua/FmXcvg==",
      "peer": true,
      "peerDependencies": {
        "xterm": "^5.0.0"
      }
    },
    "node_modules/xterm-addon-serialize": {
      "version": "0.10.0",
      "resolved": "https://registry.npmjs.org/xterm-addon-serialize/-/xterm-addon-serialize-0.10.0.tgz",
      "integrity": "sha512-Syp9eSBypn70iAczcJ+kAi0foQIepAvFS6x53JwI4XylTBHn87Ep9fovslhwmUV3rwH2yMnpdDjXH5W/whx2lA==",
      "peer": true,
      "peerDependencies": {
        "xterm": "^5.0.0"
      }
    },
    "node_modules/xterm-addon-unicode11": {
      "version": "0.5.0",
      "resolved": "https://registry.npmjs.org/xterm-addon-unicode11/-/xterm-addon-unicode11-0.5.0.tgz",
      "integrity": "sha512-Jm4/g4QiTxiKiTbYICQgC791ubhIZyoIwxAIgOW8z8HWFNY+lwk+dwaKEaEeGBfM48Vk8fklsUW9u/PlenYEBg==",
      "peer": true,
      "peerDependencies": {
        "xterm": "^5.0.0"
      }
    },
    "node_modules/xterm-addon-webgl": {
      "version": "0.15.0",
      "resolved": "https://registry.npmjs.org/xterm-addon-webgl/-/xterm-addon-webgl-0.15.0.tgz",
      "integrity": "sha512-ZLcqogMFHr4g/YRhcCh3xE8tTklnyut/M+O/XhVsFBRB/YCvYhPdLQ5/AQk54V0wjWAQpa8CF3W8DVR9OqyMCg==",
      "peer": true,
      "peerDependencies": {
        "xterm": "^5.0.0"
      }
    },
    "node_modules/yallist": {
      "version": "4.0.0",
      "resolved": "https://registry.npmjs.org/yallist/-/yallist-4.0.0.tgz",
      "integrity": "sha512-3wdGidZyq5PB084XLES5TpOSRA3wjXAlIWMhum2kRcv/41Sn2emQ0dycQW4uZXLejwKvg6EsvbdlVL+FYEct7A=="
    },
    "node_modules/yauzl": {
      "version": "2.10.0",
      "resolved": "https://registry.npmjs.org/yauzl/-/yauzl-2.10.0.tgz",
      "integrity": "sha512-p4a9I6X6nu6IhoGmBqAcbJy1mlC4j27vEPZX9F4L4/vZT3Lyq1VkFHw/V/PUcB9Buo+DG3iHkT0x3Qya58zc3g==",
      "peer": true,
      "dependencies": {
        "buffer-crc32": "~0.2.3",
        "fd-slicer": "~1.1.0"
      }
    }
  }
}
